
Microsoft Visual Studio Solution File, Format Version 12.00
# Visual Studio Version 16
VisualStudioVersion = 16.0.29209.62
MinimumVisualStudioVersion = 10.0.40219.1
Project("{FAE04EC0-301F-11D3-BF4B-00C04F79EFBC}") = "WebApp", "WebApp\WebApp.csproj", "{298C4FF1-DE0F-42C5-B155-E8AEC64EACA1}"
EndProject
Project("{FAE04EC0-301F-11D3-BF4B-00C04F79EFBC}") = "ChinookSystem", "ChinookSystem\ChinookSystem.csproj", "{EED3D832-E8E0-41DA-B44D-C7E82FFD4D6A}"
EndProject
Project("{FAE04EC0-301F-11D3-BF4B-00C04F79EFBC}") = "ChinookSystemData", "ChinookSystemData\ChinookSystemData.csproj", "{C83934CA-9C15-42CD-AD5B-1027BE3E6D31}"
EndProject
Global
	GlobalSection(SolutionConfigurationPlatforms) = preSolution
		Debug|Any CPU = Debug|Any CPU
		Release|Any CPU = Release|Any CPU
	EndGlobalSection
	GlobalSection(ProjectConfigurationPlatforms) = postSolution
		{298C4FF1-DE0F-42C5-B155-E8AEC64EACA1}.Debug|Any CPU.ActiveCfg = Debug|Any CPU
		{298C4FF1-DE0F-42C5-B155-E8AEC64EACA1}.Debug|Any CPU.Build.0 = Debug|Any CPU
		{298C4FF1-DE0F-42C5-B155-E8AEC64EACA1}.Release|Any CPU.ActiveCfg = Release|Any CPU
		{298C4FF1-DE0F-42C5-B155-E8AEC64EACA1}.Release|Any CPU.Build.0 = Release|Any CPU
		{EED3D832-E8E0-41DA-B44D-C7E82FFD4D6A}.Debug|Any CPU.ActiveCfg = Debug|Any CPU
		{EED3D832-E8E0-41DA-B44D-C7E82FFD4D6A}.Debug|Any CPU.Build.0 = Debug|Any CPU
		{EED3D832-E8E0-41DA-B44D-C7E82FFD4D6A}.Release|Any CPU.ActiveCfg = Release|Any CPU
		{EED3D832-E8E0-41DA-B44D-C7E82FFD4D6A}.Release|Any CPU.Build.0 = Release|Any CPU
		{C83934CA-9C15-42CD-AD5B-1027BE3E6D31}.Debug|Any CPU.ActiveCfg = Debug|Any CPU
		{C83934CA-9C15-42CD-AD5B-1027BE3E6D31}.Debug|Any CPU.Build.0 = Debug|Any CPU
		{C83934CA-9C15-42CD-AD5B-1027BE3E6D31}.Release|Any CPU.ActiveCfg = Release|Any CPU
		{C83934CA-9C15-42CD-AD5B-1027BE3E6D31}.Release|Any CPU.Build.0 = Release|Any CPU
	EndGlobalSection
	GlobalSection(SolutionProperties) = preSolution
		HideSolutionNode = FALSE
	EndGlobalSection
	GlobalSection(ExtensibilityGlobals) = postSolution
		SolutionGuid = {F0D2E8F3-AE4D-48D3-85F4-024842A291A8}
	EndGlobalSection
EndGlobal
